
Microsoft Visual Studio Solution File, Format Version 12.00
# Visual Studio 2012
Project("{FAE04EC0-301F-11D3-BF4B-00C04F79EFBC}") = "PriceCheck", "PriceCheck\PriceCheck.csproj", "{DBF55A7D-3CF7-4814-9BB5-A983A8FFA1DD}"
EndProject
Project("{FAE04EC0-301F-11D3-BF4B-00C04F79EFBC}") = "PriceCheck.iOS", "iOS\PriceCheck.iOS.csproj", "{B690D96E-6584-40FD-865E-327037E59CC2}"
EndProject
Project("{FAE04EC0-301F-11D3-BF4B-00C04F79EFBC}") = "PriceCheck.Droid", "Droid\PriceCheck.Droid.csproj", "{0A3DBEBD-5FFC-4E98-9A0C-3F5C4583032A}"
EndProject
Global
	GlobalSection(SolutionConfigurationPlatforms) = preSolution
		Debug|Any CPU = Debug|Any CPU
		Release|Any CPU = Release|Any CPU
		Debug|iPhoneSimulator = Debug|iPhoneSimulator
		Release|iPhone = Release|iPhone
		Release|iPhoneSimulator = Release|iPhoneSimulator
		Debug|iPhone = Debug|iPhone
	EndGlobalSection
	GlobalSection(ProjectConfigurationPlatforms) = postSolution
		{DBF55A7D-3CF7-4814-9BB5-A983A8FFA1DD}.Debug|Any CPU.ActiveCfg = Debug|Any CPU
		{DBF55A7D-3CF7-4814-9BB5-A983A8FFA1DD}.Debug|Any CPU.Build.0 = Debug|Any CPU
		{DBF55A7D-3CF7-4814-9BB5-A983A8FFA1DD}.Release|Any CPU.ActiveCfg = Release|Any CPU
		{DBF55A7D-3CF7-4814-9BB5-A983A8FFA1DD}.Release|Any CPU.Build.0 = Release|Any CPU
		{DBF55A7D-3CF7-4814-9BB5-A983A8FFA1DD}.Debug|iPhoneSimulator.ActiveCfg = Debug|Any CPU
		{DBF55A7D-3CF7-4814-9BB5-A983A8FFA1DD}.Debug|iPhoneSimulator.Build.0 = Debug|Any CPU
		{DBF55A7D-3CF7-4814-9BB5-A983A8FFA1DD}.Release|iPhone.ActiveCfg = Release|Any CPU
		{DBF55A7D-3CF7-4814-9BB5-A983A8FFA1DD}.Release|iPhone.Build.0 = Release|Any CPU
		{DBF55A7D-3CF7-4814-9BB5-A983A8FFA1DD}.Release|iPhoneSimulator.ActiveCfg = Release|Any CPU
		{DBF55A7D-3CF7-4814-9BB5-A983A8FFA1DD}.Release|iPhoneSimulator.Build.0 = Release|Any CPU
		{DBF55A7D-3CF7-4814-9BB5-A983A8FFA1DD}.Debug|iPhone.ActiveCfg = Debug|Any CPU
		{DBF55A7D-3CF7-4814-9BB5-A983A8FFA1DD}.Debug|iPhone.Build.0 = Debug|Any CPU
		{B690D96E-6584-40FD-865E-327037E59CC2}.Debug|Any CPU.ActiveCfg = Debug|iPhoneSimulator
		{B690D96E-6584-40FD-865E-327037E59CC2}.Debug|Any CPU.Build.0 = Debug|iPhoneSimulator
		{B690D96E-6584-40FD-865E-327037E59CC2}.Release|Any CPU.ActiveCfg = Release|iPhone
		{B690D96E-6584-40FD-865E-327037E59CC2}.Release|Any CPU.Build.0 = Release|iPhone
		{B690D96E-6584-40FD-865E-327037E59CC2}.Debug|iPhoneSimulator.ActiveCfg = Debug|iPhoneSimulator
		{B690D96E-6584-40FD-865E-327037E59CC2}.Debug|iPhoneSimulator.Build.0 = Debug|iPhoneSimulator
		{B690D96E-6584-40FD-865E-327037E59CC2}.Release|iPhone.ActiveCfg = Release|iPhone
		{B690D96E-6584-40FD-865E-327037E59CC2}.Release|iPhone.Build.0 = Release|iPhone
		{B690D96E-6584-40FD-865E-327037E59CC2}.Release|iPhoneSimulator.ActiveCfg = Release|iPhoneSimulator
		{B690D96E-6584-40FD-865E-327037E59CC2}.Release|iPhoneSimulator.Build.0 = Release|iPhoneSimulator
		{B690D96E-6584-40FD-865E-327037E59CC2}.Debug|iPhone.ActiveCfg = Debug|iPhone
		{B690D96E-6584-40FD-865E-327037E59CC2}.Debug|iPhone.Build.0 = Debug|iPhone
		{0A3DBEBD-5FFC-4E98-9A0C-3F5C4583032A}.Debug|Any CPU.ActiveCfg = Debug|Any CPU
		{0A3DBEBD-5FFC-4E98-9A0C-3F5C4583032A}.Debug|Any CPU.Build.0 = Debug|Any CPU
		{0A3DBEBD-5FFC-4E98-9A0C-3F5C4583032A}.Release|Any CPU.ActiveCfg = Release|Any CPU
		{0A3DBEBD-5FFC-4E98-9A0C-3F5C4583032A}.Release|Any CPU.Build.0 = Release|Any CPU
		{0A3DBEBD-5FFC-4E98-9A0C-3F5C4583032A}.Debug|iPhoneSimulator.ActiveCfg = Debug|Any CPU
		{0A3DBEBD-5FFC-4E98-9A0C-3F5C4583032A}.Debug|iPhoneSimulator.Build.0 = Debug|Any CPU
		{0A3DBEBD-5FFC-4E98-9A0C-3F5C4583032A}.Release|iPhone.ActiveCfg = Release|Any CPU
		{0A3DBEBD-5FFC-4E98-9A0C-3F5C4583032A}.Release|iPhone.Build.0 = Release|Any CPU
		{0A3DBEBD-5FFC-4E98-9A0C-3F5C4583032A}.Release|iPhoneSimulator.ActiveCfg = Release|Any CPU
		{0A3DBEBD-5FFC-4E98-9A0C-3F5C4583032A}.Release|iPhoneSimulator.Build.0 = Release|Any CPU
		{0A3DBEBD-5FFC-4E98-9A0C-3F5C4583032A}.Debug|iPhone.ActiveCfg = Debug|Any CPU
		{0A3DBEBD-5FFC-4E98-9A0C-3F5C4583032A}.Debug|iPhone.Build.0 = Debug|Any CPU
	EndGlobalSection
EndGlobal
